
Microsoft Visual Studio Solution File, Format Version 12.00
# Visual Studio Version 16
VisualStudioVersion = 16.0.30524.135
MinimumVisualStudioVersion = 10.0.40219.1
Project("{9A19103F-16F7-4668-BE54-9A1E7A4F7556}") = "Atom.HR.WebAssistant", "Atom.HR.WebAssistant\Atom.HR.WebAssistant.csproj", "{76AEB31E-B9D0-4267-8865-0C2BA37F11D9}"
EndProject
Project("{9A19103F-16F7-4668-BE54-9A1E7A4F7556}") = "Atom.HR.Scraping", "Atom.HR.Scraping\Atom.HR.Scraping.csproj", "{4A8EE916-F736-4F96-909E-4C978FB5D8A0}"
EndProject
Project("{9A19103F-16F7-4668-BE54-9A1E7A4F7556}") = "Atom.HR.Models", "Atom.HR.Models\Atom.HR.Models.csproj", "{0CF76B8A-C6A0-4650-94B2-0152EDDB3BD7}"
EndProject
Project("{9A19103F-16F7-4668-BE54-9A1E7A4F7556}") = "Atom.HR.MessageTemplates", "Atom.HR.MessageTemplates\Atom.HR.MessageTemplates.csproj", "{9F893F1E-37FE-4D32-9CD4-F070D872586E}"
EndProject
Project("{9A19103F-16F7-4668-BE54-9A1E7A4F7556}") = "Atom.Security.RunCV", "Atom.Security.RunCV\Atom.Security.RunCV.csproj", "{AAD18F50-7FCB-4D1E-9DAB-3CCABFB4423C}"
EndProject
Project("{9A19103F-16F7-4668-BE54-9A1E7A4F7556}") = "Atom.HR.RandomDataToDatabase", "Atom.HR.RandomDataToDatabase\Atom.HR.RandomDataToDatabase.csproj", "{345FD921-B1A8-4227-9B9B-C088322D7D04}"
EndProject
Project("{9A19103F-16F7-4668-BE54-9A1E7A4F7556}") = "Atom.HR.Shared", "Atom.HR.Shared\Atom.HR.Shared.csproj", "{D61249A1-C918-4D01-A8A5-087E9E76E801}"
EndProject
Project("{9A19103F-16F7-4668-BE54-9A1E7A4F7556}") = "Atom.HR.Scraping.Hhru", "Atom.HR.Scraping.Hhru\Atom.HR.Scraping.Hhru.csproj", "{43BC49AA-1875-422C-82BC-A8ED7D046C0B}"
EndProject
Project("{2150E333-8FDC-42A3-9474-1A3956D46DE8}") = "Scrapings", "Scrapings", "{9EFA7461-7CDB-44B1-8821-2550B4A0FA45}"
EndProject
Project("{9A19103F-16F7-4668-BE54-9A1E7A4F7556}") = "Atom.HR.Communications", "Atom.HR.Communications\Atom.HR.Communications.csproj", "{C7C69872-AE21-446C-855C-69E583EC12F3}"
EndProject
Global
	GlobalSection(SolutionConfigurationPlatforms) = preSolution
		Debug|Any CPU = Debug|Any CPU
		Release|Any CPU = Release|Any CPU
	EndGlobalSection
	GlobalSection(ProjectConfigurationPlatforms) = postSolution
		{76AEB31E-B9D0-4267-8865-0C2BA37F11D9}.Debug|Any CPU.ActiveCfg = Debug|Any CPU
		{76AEB31E-B9D0-4267-8865-0C2BA37F11D9}.Debug|Any CPU.Build.0 = Debug|Any CPU
		{76AEB31E-B9D0-4267-8865-0C2BA37F11D9}.Release|Any CPU.ActiveCfg = Release|Any CPU
		{76AEB31E-B9D0-4267-8865-0C2BA37F11D9}.Release|Any CPU.Build.0 = Release|Any CPU
		{4A8EE916-F736-4F96-909E-4C978FB5D8A0}.Debug|Any CPU.ActiveCfg = Debug|Any CPU
		{4A8EE916-F736-4F96-909E-4C978FB5D8A0}.Debug|Any CPU.Build.0 = Debug|Any CPU
		{4A8EE916-F736-4F96-909E-4C978FB5D8A0}.Release|Any CPU.ActiveCfg = Release|Any CPU
		{4A8EE916-F736-4F96-909E-4C978FB5D8A0}.Release|Any CPU.Build.0 = Release|Any CPU
		{0CF76B8A-C6A0-4650-94B2-0152EDDB3BD7}.Debug|Any CPU.ActiveCfg = Debug|Any CPU
		{0CF76B8A-C6A0-4650-94B2-0152EDDB3BD7}.Debug|Any CPU.Build.0 = Debug|Any CPU
		{0CF76B8A-C6A0-4650-94B2-0152EDDB3BD7}.Release|Any CPU.ActiveCfg = Release|Any CPU
		{0CF76B8A-C6A0-4650-94B2-0152EDDB3BD7}.Release|Any CPU.Build.0 = Release|Any CPU
		{9F893F1E-37FE-4D32-9CD4-F070D872586E}.Debug|Any CPU.ActiveCfg = Debug|Any CPU
		{9F893F1E-37FE-4D32-9CD4-F070D872586E}.Debug|Any CPU.Build.0 = Debug|Any CPU
		{9F893F1E-37FE-4D32-9CD4-F070D872586E}.Release|Any CPU.ActiveCfg = Release|Any CPU
		{9F893F1E-37FE-4D32-9CD4-F070D872586E}.Release|Any CPU.Build.0 = Release|Any CPU
		{AAD18F50-7FCB-4D1E-9DAB-3CCABFB4423C}.Debug|Any CPU.ActiveCfg = Debug|Any CPU
		{AAD18F50-7FCB-4D1E-9DAB-3CCABFB4423C}.Debug|Any CPU.Build.0 = Debug|Any CPU
		{AAD18F50-7FCB-4D1E-9DAB-3CCABFB4423C}.Release|Any CPU.ActiveCfg = Release|Any CPU
		{AAD18F50-7FCB-4D1E-9DAB-3CCABFB4423C}.Release|Any CPU.Build.0 = Release|Any CPU
		{345FD921-B1A8-4227-9B9B-C088322D7D04}.Debug|Any CPU.ActiveCfg = Debug|Any CPU
		{345FD921-B1A8-4227-9B9B-C088322D7D04}.Debug|Any CPU.Build.0 = Debug|Any CPU
		{345FD921-B1A8-4227-9B9B-C088322D7D04}.Release|Any CPU.ActiveCfg = Release|Any CPU
		{345FD921-B1A8-4227-9B9B-C088322D7D04}.Release|Any CPU.Build.0 = Release|Any CPU
		{D61249A1-C918-4D01-A8A5-087E9E76E801}.Debug|Any CPU.ActiveCfg = Debug|Any CPU
		{D61249A1-C918-4D01-A8A5-087E9E76E801}.Debug|Any CPU.Build.0 = Debug|Any CPU
		{D61249A1-C918-4D01-A8A5-087E9E76E801}.Release|Any CPU.ActiveCfg = Release|Any CPU
		{D61249A1-C918-4D01-A8A5-087E9E76E801}.Release|Any CPU.Build.0 = Release|Any CPU
		{43BC49AA-1875-422C-82BC-A8ED7D046C0B}.Debug|Any CPU.ActiveCfg = Debug|Any CPU
		{43BC49AA-1875-422C-82BC-A8ED7D046C0B}.Debug|Any CPU.Build.0 = Debug|Any CPU
		{43BC49AA-1875-422C-82BC-A8ED7D046C0B}.Release|Any CPU.ActiveCfg = Release|Any CPU
		{43BC49AA-1875-422C-82BC-A8ED7D046C0B}.Release|Any CPU.Build.0 = Release|Any CPU
		{C7C69872-AE21-446C-855C-69E583EC12F3}.Debug|Any CPU.ActiveCfg = Debug|Any CPU
		{C7C69872-AE21-446C-855C-69E583EC12F3}.Debug|Any CPU.Build.0 = Debug|Any CPU
		{C7C69872-AE21-446C-855C-69E583EC12F3}.Release|Any CPU.ActiveCfg = Release|Any CPU
		{C7C69872-AE21-446C-855C-69E583EC12F3}.Release|Any CPU.Build.0 = Release|Any CPU
	EndGlobalSection
	GlobalSection(SolutionProperties) = preSolution
		HideSolutionNode = FALSE
	EndGlobalSection
	GlobalSection(NestedProjects) = preSolution
		{4A8EE916-F736-4F96-909E-4C978FB5D8A0} = {9EFA7461-7CDB-44B1-8821-2550B4A0FA45}
		{43BC49AA-1875-422C-82BC-A8ED7D046C0B} = {9EFA7461-7CDB-44B1-8821-2550B4A0FA45}
	EndGlobalSection
	GlobalSection(ExtensibilityGlobals) = postSolution
		SolutionGuid = {5A00654E-3CF3-43BE-A5BA-9076D0942DD8}
	EndGlobalSection
EndGlobal
